
Microsoft Visual Studio Solution File, Format Version 12.00
# Visual Studio Version 17
VisualStudioVersion = 17.0.32014.148
MinimumVisualStudioVersion = 10.0.40219.1
Project("{9A19103F-16F7-4668-BE54-9A1E7A4F7556}") = "Mensageria.Console", "Mensageria.Console\Mensageria.Console.csproj", "{A4A0D43B-FA97-48CA-A6A7-BF8C8A6FEC65}"
EndProject
Project("{9A19103F-16F7-4668-BE54-9A1E7A4F7556}") = "Test.Unit.Mensageria.Console", "UnitTest.Mensageria.Console\Test.Unit.Mensageria.Console.csproj", "{AFA8D510-A726-4856-AC15-0A6EE7CA90B0}"
EndProject
Global
	GlobalSection(SolutionConfigurationPlatforms) = preSolution
		Debug|Any CPU = Debug|Any CPU
		Release|Any CPU = Release|Any CPU
	EndGlobalSection
	GlobalSection(ProjectConfigurationPlatforms) = postSolution
		{A4A0D43B-FA97-48CA-A6A7-BF8C8A6FEC65}.Debug|Any CPU.ActiveCfg = Debug|Any CPU
		{A4A0D43B-FA97-48CA-A6A7-BF8C8A6FEC65}.Debug|Any CPU.Build.0 = Debug|Any CPU
		{A4A0D43B-FA97-48CA-A6A7-BF8C8A6FEC65}.Release|Any CPU.ActiveCfg = Release|Any CPU
		{A4A0D43B-FA97-48CA-A6A7-BF8C8A6FEC65}.Release|Any CPU.Build.0 = Release|Any CPU
		{AFA8D510-A726-4856-AC15-0A6EE7CA90B0}.Debug|Any CPU.ActiveCfg = Debug|Any CPU
		{AFA8D510-A726-4856-AC15-0A6EE7CA90B0}.Debug|Any CPU.Build.0 = Debug|Any CPU
		{AFA8D510-A726-4856-AC15-0A6EE7CA90B0}.Release|Any CPU.ActiveCfg = Release|Any CPU
		{AFA8D510-A726-4856-AC15-0A6EE7CA90B0}.Release|Any CPU.Build.0 = Release|Any CPU
	EndGlobalSection
	GlobalSection(SolutionProperties) = preSolution
		HideSolutionNode = FALSE
	EndGlobalSection
	GlobalSection(ExtensibilityGlobals) = postSolution
		SolutionGuid = {61E0862A-45A2-4356-A8A6-A77CC1013F06}
	EndGlobalSection
EndGlobal
